
Microsoft Visual Studio Solution File, Format Version 12.00
# Visual Studio Version 17
VisualStudioVersion = 17.7.34003.232
MinimumVisualStudioVersion = 10.0.40219.1
Project("{FAE04EC0-301F-11D3-BF4B-00C04F79EFBC}") = "ToggleMuter", "ToggleMuter.csproj", "{F4FE5379-C270-47F3-85B5-80210A8D9B3C}"
EndProject
Project("{2150E333-8FDC-42A3-9474-1A3956D46DE8}") = "ソリューション項目", "ソリューション項目", "{E5510273-0F48-4F19-BFBB-1C21CCDB5D4F}"
EndProject
Global
	GlobalSection(SolutionConfigurationPlatforms) = preSolution
		Debug|Any CPU = Debug|Any CPU
		Release|Any CPU = Release|Any CPU
	EndGlobalSection
	GlobalSection(ProjectConfigurationPlatforms) = postSolution
		{F4FE5379-C270-47F3-85B5-80210A8D9B3C}.Debug|Any CPU.ActiveCfg = Debug|Any CPU
		{F4FE5379-C270-47F3-85B5-80210A8D9B3C}.Debug|Any CPU.Build.0 = Debug|Any CPU
		{F4FE5379-C270-47F3-85B5-80210A8D9B3C}.Release|Any CPU.ActiveCfg = Release|Any CPU
		{F4FE5379-C270-47F3-85B5-80210A8D9B3C}.Release|Any CPU.Build.0 = Release|Any CPU
	EndGlobalSection
	GlobalSection(SolutionProperties) = preSolution
		HideSolutionNode = FALSE
	EndGlobalSection
	GlobalSection(ExtensibilityGlobals) = postSolution
		SolutionGuid = {B13CA08C-1273-4A2D-A0B8-C04A1D55258C}
	EndGlobalSection
EndGlobal
